<?xml version="1.0" encoding="utf-8"?>
<Project ToolsVersion="4.0" xmlns="http://schemas.microsoft.com/developer/msbuild/2003">
  <ItemGroup>
    <Filter Include="Source Files">
      <UniqueIdentifier>{4FC737F1-C7A5-4376-A066-2A32D752A2FF}</UniqueIdentifier>
      <Extensions>cpp;c;cc;cxx;c++;def;odl;idl;hpj;bat;asm;asmx</Extensions>
    </Filter>
    <Filter Include="Header Files">
      <UniqueIdentifier>{93995380-89BD-4b04-88EB-625FBE52EBFB}</UniqueIdentifier>
      <Extensions>h;hh;hpp;hxx;h++;hm;inl;inc;ipp;xsd</Extensions>
    </Filter>
    <Filter Include="Resource Files">
      <UniqueIdentifier>{67DA6AB6-F800-4c08-8B7A-83BB121AAD01}</UniqueIdentifier>
      <Extensions>rc;ico;cur;bmp;dlg;rc2;rct;bin;rgs;gif;jpg;jpeg;jpe;resx;tiff;tif;png;wav;mfcribbon-ms</Extensions>
    </Filter>
    <Filter Include="States">
      <UniqueIdentifier>{009a35d3-2c39-4a90-9fab-129e7104cd54}</UniqueIdentifier>
    </Filter>
    <Filter Include="Entities">
      <UniqueIdentifier>{42f75ed5-eca8-4961-b12b-bbcfabdf9e6f}</UniqueIdentifier>
    </Filter>
    <Filter Include="Main">
      <UniqueIdentifier>{4660b3f0-c11a-4385-8b67-a8731f471e6c}</UniqueIdentifier>
    </Filter>
    <Filter Include="Components">
      <UniqueIdentifier>{e944dd0f-96b9-4c8e-ba6c-63bede3169aa}</UniqueIdentifier>
    </Filter>
    <Filter Include="GUI">
      <UniqueIdentifier>{24de0e03-47fb-474e-8dca-112b18a5cd7d}</UniqueIdentifier>
    </Filter>
    <Filter Include="Map">
      <UniqueIdentifier>{7ad3e3bb-2ec4-47b6-9c56-b3d87aa63b96}</UniqueIdentifier>
    </Filter>
    <Filter Include="Weapons">
      <UniqueIdentifier>{66f84a23-8c87-4b58-b285-7f9798f42340}</UniqueIdentifier>
    </Filter>
    <Filter Include="Weapons\Guns">
      <UniqueIdentifier>{2f871e04-a996-423c-a00a-b1e22c3f98a4}</UniqueIdentifier>
    </Filter>
    <Filter Include="Utility">
      <UniqueIdentifier>{ac816e51-cb02-4b23-a3bd-95c6a654b9bb}</UniqueIdentifier>
    </Filter>
    <Filter Include="GUI\General">
      <UniqueIdentifier>{cec2efe5-7896-46c9-9934-38d4f64bf90e}</UniqueIdentifier>
    </Filter>
    <Filter Include="GUI\Gameplay">
      <UniqueIdentifier>{6298beea-b842-4825-a3fd-78a24bd1d0cc}</UniqueIdentifier>
    </Filter>
    <Filter Include="GUI\StateRelated">
      <UniqueIdentifier>{d5880d3c-c4a6-4bc6-9d2f-49fe0d242b4e}</UniqueIdentifier>
    </Filter>
    <Filter Include="Entities\Enemies">
      <UniqueIdentifier>{164cda76-aa61-4c76-8344-713801015d98}</UniqueIdentifier>
    </Filter>
    <Filter Include="Items">
      <UniqueIdentifier>{66eb7371-e64b-4db7-b17e-5a191c675d19}</UniqueIdentifier>
    </Filter>
  </ItemGroup>
  <ItemGroup>
    <ClCompile Include="Source_Code\Components\AIComponent.cpp">
      <Filter>Components</Filter>
    </ClCompile>
    <ClCompile Include="Source_Code\Components\AnimationComponent.cpp">
      <Filter>Components</Filter>
    </ClCompile>
    <ClCompile Include="Source_Code\Components\HitboxComponent.cpp">
      <Filter>Components</Filter>
    </ClCompile>
    <ClCompile Include="Source_Code\Components\MovementComponent.cpp">
      <Filter>Components</Filter>
    </ClCompile>
    <ClCompile Include="Source_Code\Components\ShootingComponent.cpp">
      <Filter>Components</Filter>
    </ClCompile>
    <ClCompile Include="Source_Code\Entities\Enemy.cpp">
      <Filter>Entities</Filter>
    </ClCompile>
    <ClCompile Include="Source_Code\Entities\Entity.cpp">
      <Filter>Entities</Filter>
    </ClCompile>
    <ClCompile Include="Source_Code\Entities\Player.cpp">
      <Filter>Entities</Filter>
    </ClCompile>
    <ClCompile Include="Source_Code\Entities\Enemies\BossEnemy.cpp">
      <Filter>Entities\Enemies</Filter>
    </ClCompile>
    <ClCompile Include="Source_Code\Entities\Enemies\CommandoEnemy.cpp">
      <Filter>Entities\Enemies</Filter>
    </ClCompile>
    <ClCompile Include="Source_Code\Entities\Enemies\RegularEnemy.cpp">
      <Filter>Entities\Enemies</Filter>
    </ClCompile>
    <ClCompile Include="Source_Code\Entities\Enemies\StationaryEnemy.cpp">
      <Filter>Entities\Enemies</Filter>
    </ClCompile>
    <ClCompile Include="Source_Code\GUI\Gameplay\HealthBar.cpp">
      <Filter>GUI\Gameplay</Filter>
    </ClCompile>
    <ClCompile Include="Source_Code\GUI\Gameplay\ReloadBar.cpp">
      <Filter>GUI\Gameplay</Filter>
    </ClCompile>
    <ClCompile Include="Source_Code\GUI\Gameplay\TextureSelector.cpp">
      <Filter>GUI\Gameplay</Filter>
    </ClCompile>
    <ClCompile Include="Source_Code\GUI\Gameplay\WeaponSlot.cpp">
      <Filter>GUI\Gameplay</Filter>
    </ClCompile>
    <ClCompile Include="Source_Code\GUI\General\Bar.cpp">
      <Filter>GUI\General</Filter>
    </ClCompile>
    <ClCompile Include="Source_Code\GUI\General\Button.cpp">
      <Filter>GUI\General</Filter>
    </ClCompile>
    <ClCompile Include="Source_Code\GUI\General\DropDownList.cpp">
      <Filter>GUI\General</Filter>
    </ClCompile>
    <ClCompile Include="Source_Code\GUI\General\TextBox.cpp">
      <Filter>GUI\General</Filter>
    </ClCompile>
    <ClCompile Include="Source_Code\GUI\StateRelated\PauseMenu.cpp">
      <Filter>GUI\StateRelated</Filter>
    </ClCompile>
    <ClCompile Include="Source_Code\Items\Ammo.cpp">
      <Filter>Items</Filter>
    </ClCompile>
    <ClCompile Include="Source_Code\Items\Collectable.cpp">
      <Filter>Items</Filter>
    </ClCompile>
    <ClCompile Include="Source_Code\Items\PowerUp.cpp">
      <Filter>Items</Filter>
    </ClCompile>
    <ClCompile Include="Source_Code\Main\Game.cpp">
      <Filter>Main</Filter>
    </ClCompile>
    <ClCompile Include="Source_Code\Main\main.cpp">
      <Filter>Main</Filter>
    </ClCompile>
    <ClCompile Include="Source_Code\Map\Room.cpp">
      <Filter>Map</Filter>
    </ClCompile>
    <ClCompile Include="Source_Code\Map\Tile.cpp">
      <Filter>Map</Filter>
    </ClCompile>
    <ClCompile Include="Source_Code\Map\TileMap.cpp">
      <Filter>Map</Filter>
    </ClCompile>
    <ClCompile Include="Source_Code\Map\World.cpp">
      <Filter>Map</Filter>
    </ClCompile>
    <ClCompile Include="Source_Code\States\EditorState.cpp">
      <Filter>States</Filter>
    </ClCompile>
    <ClCompile Include="Source_Code\States\EndScreenState.cpp">
      <Filter>States</Filter>
    </ClCompile>
    <ClCompile Include="Source_Code\States\GameState.cpp">
      <Filter>States</Filter>
    </ClCompile>
    <ClCompile Include="Source_Code\States\MenuState.cpp">
      <Filter>States</Filter>
    </ClCompile>
    <ClCompile Include="Source_Code\States\SettingsState.cpp">
      <Filter>States</Filter>
    </ClCompile>
    <ClCompile Include="Source_Code\States\State.cpp">
      <Filter>States</Filter>
    </ClCompile>
    <ClCompile Include="Source_Code\Utility\Assets.cpp">
      <Filter>Utility</Filter>
    </ClCompile>
    <ClCompile Include="Source_Code\Utility\GameStatistics.cpp">
      <Filter>Utility</Filter>
    </ClCompile>
    <ClCompile Include="Source_Code\Utility\GraphicSettings.cpp">
      <Filter>Utility</Filter>
    </ClCompile>
    <ClCompile Include="Source_Code\Utility\RNG.cpp">
      <Filter>Utility</Filter>
    </ClCompile>
    <ClCompile Include="Source_Code\Utility\stdafx.cpp">
      <Filter>Utility</Filter>
    </ClCompile>
    <ClCompile Include="Source_Code\Utility\Utility.cpp">
      <Filter>Utility</Filter>
    </ClCompile>
    <ClCompile Include="Source_Code\Weapons\Guns\CanonGun.cpp">
      <Filter>Weapons\Guns</Filter>
    </ClCompile>
    <ClCompile Include="Source_Code\Weapons\Guns\FastGun.cpp">
      <Filter>Weapons\Guns</Filter>
    </ClCompile>
    <ClCompile Include="Source_Code\Weapons\Guns\MagicGun.cpp">
      <Filter>Weapons\Guns</Filter>
    </ClCompile>
    <ClCompile Include="Source_Code\Weapons\Guns\NormalGun.cpp">
      <Filter>Weapons\Guns</Filter>
    </ClCompile>
    <ClCompile Include="Source_Code\Weapons\Guns\Revolver.cpp">
      <Filter>Weapons\Guns</Filter>
    </ClCompile>
    <ClCompile Include="Source_Code\Weapons\Guns\ShotGun.cpp">
      <Filter>Weapons\Guns</Filter>
    </ClCompile>
    <ClCompile Include="Source_Code\Weapons\Guns\SpreadGun.cpp">
      <Filter>Weapons\Guns</Filter>
    </ClCompile>
    <ClCompile Include="Source_Code\Weapons\Bullet.cpp">
      <Filter>Weapons</Filter>
    </ClCompile>
    <ClCompile Include="Source_Code\Weapons\Gun.cpp">
      <Filter>Weapons</Filter>
    </ClCompile>
    <ClCompile Include="Source_Code\States\WorldEditorState.cpp">
      <Filter>States</Filter>
    </ClCompile>
    <ClCompile Include="Source_Code\GUI\General\CheckBox.cpp">
      <Filter>GUI\General</Filter>
    </ClCompile>
    <ClCompile Include="Source_Code\States\MultiplayerServerState.cpp">
      <Filter>States</Filter>
    </ClCompile>
    <ClCompile Include="Source_Code\States\MultiplayerClientState.cpp">
      <Filter>States</Filter>
    </ClCompile>
    <ClCompile Include="Source_Code\Utility\AudioManager.cpp">
      <Filter>Utility</Filter>
    </ClCompile>
    <ClCompile Include="Source_Code\States\InfoState.cpp">
      <Filter>States</Filter>
    </ClCompile>
  </ItemGroup>
  <ItemGroup>
    <ClInclude Include="Source_Code\Components\AIComponent.h">
      <Filter>Components</Filter>
    </ClInclude>
    <ClInclude Include="Source_Code\Components\AnimationComponent.h">
      <Filter>Components</Filter>
    </ClInclude>
    <ClInclude Include="Source_Code\Components\HitboxComponent.h">
      <Filter>Components</Filter>
    </ClInclude>
    <ClInclude Include="Source_Code\Components\MovementComponent.h">
      <Filter>Components</Filter>
    </ClInclude>
    <ClInclude Include="Source_Code\Components\ShootingComponent.h">
      <Filter>Components</Filter>
    </ClInclude>
    <ClInclude Include="Source_Code\Entities\Enemies.h">
      <Filter>Entities</Filter>
    </ClInclude>
    <ClInclude Include="Source_Code\Entities\Enemy.h">
      <Filter>Entities</Filter>
    </ClInclude>
    <ClInclude Include="Source_Code\Entities\Entity.h">
      <Filter>Entities</Filter>
    </ClInclude>
    <ClInclude Include="Source_Code\Entities\Player.h">
      <Filter>Entities</Filter>
    </ClInclude>
    <ClInclude Include="Source_Code\Entities\Enemies\BossEnemy.h">
      <Filter>Entities\Enemies</Filter>
    </ClInclude>
    <ClInclude Include="Source_Code\Entities\Enemies\CommandoEnemy.h">
      <Filter>Entities\Enemies</Filter>
    </ClInclude>
    <ClInclude Include="Source_Code\Entities\Enemies\RegularEnemy.h">
      <Filter>Entities\Enemies</Filter>
    </ClInclude>
    <ClInclude Include="Source_Code\Entities\Enemies\StationaryEnemy.h">
      <Filter>Entities\Enemies</Filter>
    </ClInclude>
    <ClInclude Include="Source_Code\GUI\Gameplay\HealthBar.h">
      <Filter>GUI\Gameplay</Filter>
    </ClInclude>
    <ClInclude Include="Source_Code\GUI\Gameplay\ReloadBar.h">
      <Filter>GUI\Gameplay</Filter>
    </ClInclude>
    <ClInclude Include="Source_Code\GUI\Gameplay\TextureSelector.h">
      <Filter>GUI\Gameplay</Filter>
    </ClInclude>
    <ClInclude Include="Source_Code\GUI\Gameplay\WeaponSlot.h">
      <Filter>GUI\Gameplay</Filter>
    </ClInclude>
    <ClInclude Include="Source_Code\GUI\General\Bar.h">
      <Filter>GUI\General</Filter>
    </ClInclude>
    <ClInclude Include="Source_Code\GUI\General\Button.h">
      <Filter>GUI\General</Filter>
    </ClInclude>
    <ClInclude Include="Source_Code\GUI\General\DropDownList.h">
      <Filter>GUI\General</Filter>
    </ClInclude>
    <ClInclude Include="Source_Code\GUI\General\TextBox.h">
      <Filter>GUI\General</Filter>
    </ClInclude>
    <ClInclude Include="Source_Code\GUI\StateRelated\PauseMenu.h">
      <Filter>GUI\StateRelated</Filter>
    </ClInclude>
    <ClInclude Include="Source_Code\Items\Ammo.h">
      <Filter>Items</Filter>
    </ClInclude>
    <ClInclude Include="Source_Code\Items\Collectable.h">
      <Filter>Items</Filter>
    </ClInclude>
    <ClInclude Include="Source_Code\Items\PowerUp.h">
      <Filter>Items</Filter>
    </ClInclude>
    <ClInclude Include="Source_Code\Main\Game.h">
      <Filter>Main</Filter>
    </ClInclude>
    <ClInclude Include="Source_Code\Map\Room.h">
      <Filter>Map</Filter>
    </ClInclude>
    <ClInclude Include="Source_Code\Map\Tile.h">
      <Filter>Map</Filter>
    </ClInclude>
    <ClInclude Include="Source_Code\Map\TileMap.h">
      <Filter>Map</Filter>
    </ClInclude>
    <ClInclude Include="Source_Code\Map\World.h">
      <Filter>Map</Filter>
    </ClInclude>
    <ClInclude Include="Source_Code\States\EditorState.h">
      <Filter>States</Filter>
    </ClInclude>
    <ClInclude Include="Source_Code\States\EndScreenState.h">
      <Filter>States</Filter>
    </ClInclude>
    <ClInclude Include="Source_Code\States\GameState.h">
      <Filter>States</Filter>
    </ClInclude>
    <ClInclude Include="Source_Code\States\MenuState.h">
      <Filter>States</Filter>
    </ClInclude>
    <ClInclude Include="Source_Code\States\SettingsState.h">
      <Filter>States</Filter>
    </ClInclude>
    <ClInclude Include="Source_Code\States\State.h">
      <Filter>States</Filter>
    </ClInclude>
    <ClInclude Include="Source_Code\Utility\Assets.h">
      <Filter>Utility</Filter>
    </ClInclude>
    <ClInclude Include="Source_Code\Utility\GameStatistics.h">
      <Filter>Utility</Filter>
    </ClInclude>
    <ClInclude Include="Source_Code\Utility\GraphicSettings.h">
      <Filter>Utility</Filter>
    </ClInclude>
    <ClInclude Include="Source_Code\Utility\RNG.h">
      <Filter>Utility</Filter>
    </ClInclude>
    <ClInclude Include="Source_Code\Utility\stdafx.h">
      <Filter>Utility</Filter>
    </ClInclude>
    <ClInclude Include="Source_Code\Utility\Utility.h">
      <Filter>Utility</Filter>
    </ClInclude>
    <ClInclude Include="Source_Code\Weapons\Guns\CanonGun.h">
      <Filter>Weapons\Guns</Filter>
    </ClInclude>
    <ClInclude Include="Source_Code\Weapons\Guns\FastGun.h">
      <Filter>Weapons\Guns</Filter>
    </ClInclude>
    <ClInclude Include="Source_Code\Weapons\Guns\MagicGun.h">
      <Filter>Weapons\Guns</Filter>
    </ClInclude>
    <ClInclude Include="Source_Code\Weapons\Guns\NormalGun.h">
      <Filter>Weapons\Guns</Filter>
    </ClInclude>
    <ClInclude Include="Source_Code\Weapons\Guns\Revolver.h">
      <Filter>Weapons\Guns</Filter>
    </ClInclude>
    <ClInclude Include="Source_Code\Weapons\Guns\ShotGun.h">
      <Filter>Weapons\Guns</Filter>
    </ClInclude>
    <ClInclude Include="Source_Code\Weapons\Guns\SpreadGun.h">
      <Filter>Weapons\Guns</Filter>
    </ClInclude>
    <ClInclude Include="Source_Code\Weapons\Bullet.h">
      <Filter>Weapons</Filter>
    </ClInclude>
    <ClInclude Include="Source_Code\Weapons\Gun.h">
      <Filter>Weapons</Filter>
    </ClInclude>
    <ClInclude Include="Source_Code\Weapons\Guns.h">
      <Filter>Weapons</Filter>
    </ClInclude>
    <ClInclude Include="Source_Code\States\WorldEditorState.h">
      <Filter>States</Filter>
    </ClInclude>
    <ClInclude Include="Source_Code\GUI\General\CheckBox.h">
      <Filter>GUI\General</Filter>
    </ClInclude>
    <ClInclude Include="Source_Code\GUI\Gui.h">
      <Filter>GUI</Filter>
    </ClInclude>
    <ClInclude Include="Source_Code\States\MultiplayerServerState.h">
      <Filter>States</Filter>
    </ClInclude>
    <ClInclude Include="Source_Code\States\MultiplayerClientState.h">
      <Filter>States</Filter>
    </ClInclude>
    <ClInclude Include="Source_Code\Utility\AudioManager.h">
      <Filter>Utility</Filter>
    </ClInclude>
    <ClInclude Include="Source_Code\States\InfoState.h">
      <Filter>States</Filter>
    </ClInclude>
    <ClInclude Include="resource.h">
      <Filter>Header Files</Filter>
    </ClInclude>
  </ItemGroup>
  <ItemGroup>
    <None Include="ClassDiagram.cd" />
  </ItemGroup>
  <ItemGroup>
    <ResourceCompile Include="resources.rc">
      <Filter>Resource Files</Filter>
    </ResourceCompile>
  </ItemGroup>
  <ItemGroup>
    <Image Include="Assets\Images\icon.ico">
      <Filter>Resource Files</Filter>
    </Image>
  </ItemGroup>
</Project>